
Microsoft Visual Studio Solution File, Format Version 12.00
# Visual Studio 15
VisualStudioVersion = 15.0.28010.2041
MinimumVisualStudioVersion = 10.0.40219.1
Project("{FAE04EC0-301F-11D3-BF4B-00C04F79EFBC}") = "HomeTask", "HomeTask\HomeTask.csproj", "{05291A0A-29FF-4C55-876C-B7DE08996768}"
EndProject
Global
	GlobalSection(SolutionConfigurationPlatforms) = preSolution
		Debug|Any CPU = Debug|Any CPU
		Release|Any CPU = Release|Any CPU
	EndGlobalSection
	GlobalSection(ProjectConfigurationPlatforms) = postSolution
		{05291A0A-29FF-4C55-876C-B7DE08996768}.Debug|Any CPU.ActiveCfg = Debug|Any CPU
		{05291A0A-29FF-4C55-876C-B7DE08996768}.Debug|Any CPU.Build.0 = Debug|Any CPU
		{05291A0A-29FF-4C55-876C-B7DE08996768}.Release|Any CPU.ActiveCfg = Release|Any CPU
		{05291A0A-29FF-4C55-876C-B7DE08996768}.Release|Any CPU.Build.0 = Release|Any CPU
	EndGlobalSection
	GlobalSection(SolutionProperties) = preSolution
		HideSolutionNode = FALSE
	EndGlobalSection
	GlobalSection(ExtensibilityGlobals) = postSolution
		SolutionGuid = {95BED9A3-3E1F-49B5-A584-25384E298F92}
	EndGlobalSection
EndGlobal
